{
  "name": "validmovegoai",
  "version": "1.0.0",
  "lockfileVersion": 2,
  "requires": true,
  "packages": {
    "": {
      "name": "validmovegoai",
      "version": "1.0.0",
      "license": "ISC",
      "dependencies": {
        "tenuki": "^0.3.1"
      }
    },
    "node_modules/tenuki": {
      "version": "0.3.1",
      "resolved": "https://registry.npmjs.org/tenuki/-/tenuki-0.3.1.tgz",
      "integrity": "sha512-4obVv+CHn0QXrtHEZOYXE69xweUAae/iHfEz6oqM+dKTcdL8b0G44knfjLtepu4UHdwW0OzxurXDXoZKzKOIIQ==",
      "engines": {
        "node": ">=6.0.0"
      }
    }
  },
  "dependencies": {
    "tenuki": {
      "version": "0.3.1",
      "resolved": "https://registry.npmjs.org/tenuki/-/tenuki-0.3.1.tgz",
      "integrity": "sha512-4obVv+CHn0QXrtHEZOYXE69xweUAae/iHfEz6oqM+dKTcdL8b0G44knfjLtepu4UHdwW0OzxurXDXoZKzKOIIQ=="
    }
  }
}
